// !$*UTF8*$!
{
	archiveVersion = 1;
	classes = {
	};
	objectVersion = 56;
	objects = {

/* Begin PBXBuildFile section */
		CE3CD6E12B8EC49200566A3C /* CartCollabApp.swift in Sources */ = {isa = PBXBuildFile; fileRef = CE3CD6E02B8EC49200566A3C /* CartCollabApp.swift */; };
		CE3CD6E32B8EC49200566A3C /* ContentView.swift in Sources */ = {isa = PBXBuildFile; fileRef = CE3CD6E22B8EC49200566A3C /* ContentView.swift */; };
		CE3CD6E52B8EC49300566A3C /* Assets.xcassets in Resources */ = {isa = PBXBuildFile; fileRef = CE3CD6E42B8EC49300566A3C /* Assets.xcassets */; };
		CE3CD6E82B8EC49300566A3C /* Preview Assets.xcassets in Resources */ = {isa = PBXBuildFile; fileRef = CE3CD6E72B8EC49300566A3C /* Preview Assets.xcassets */; };
		CE3CD6F22B8EC49300566A3C /* CartCollabTests.swift in Sources */ = {isa = PBXBuildFile; fileRef = CE3CD6F12B8EC49300566A3C /* CartCollabTests.swift */; };
		CE3CD6FC2B8EC49300566A3C /* CartCollabUITests.swift in Sources */ = {isa = PBXBuildFile; fileRef = CE3CD6FB2B8EC49300566A3C /* CartCollabUITests.swift */; };
		CE3CD6FE2B8EC49300566A3C /* CartCollabUITestsLaunchTests.swift in Sources */ = {isa = PBXBuildFile; fileRef = CE3CD6FD2B8EC49300566A3C /* CartCollabUITestsLaunchTests.swift */; };
		CEAC07E32B92790200C3AA10 /* CartListView.swift in Sources */ = {isa = PBXBuildFile; fileRef = CEAC07E22B92790200C3AA10 /* CartListView.swift */; };
		CEAC07E52B92792500C3AA10 /* SignInView.swift in Sources */ = {isa = PBXBuildFile; fileRef = CEAC07E42B92792500C3AA10 /* SignInView.swift */; };
		CEAC07E72B92793700C3AA10 /* ManageCartView.swift in Sources */ = {isa = PBXBuildFile; fileRef = CEAC07E62B92793700C3AA10 /* ManageCartView.swift */; };
		CEAC07E92B927A2900C3AA10 /* BottomBar.swift in Sources */ = {isa = PBXBuildFile; fileRef = CEAC07E82B927A2900C3AA10 /* BottomBar.swift */; };
/* End PBXBuildFile section */

/* Begin PBXContainerItemProxy section */
		CE3CD6EE2B8EC49300566A3C /* PBXContainerItemProxy */ = {
			isa = PBXContainerItemProxy;
			containerPortal = CE3CD6D52B8EC49200566A3C /* Project object */;
			proxyType = 1;
			remoteGlobalIDString = CE3CD6DC2B8EC49200566A3C;
			remoteInfo = CartCollab;
		};
		CE3CD6F82B8EC49300566A3C /* PBXContainerItemProxy */ = {
			isa = PBXContainerItemProxy;
			containerPortal = CE3CD6D52B8EC49200566A3C /* Project object */;
			proxyType = 1;
			remoteGlobalIDString = CE3CD6DC2B8EC49200566A3C;
			remoteInfo = CartCollab;
		};
/* End PBXContainerItemProxy section */

/* Begin PBXFileReference section */
		CE3CD6DD2B8EC49200566A3C /* CartCollab.app */ = {isa = PBXFileReference; explicitFileType = wrapper.application; includeInIndex = 0; path = CartCollab.app; sourceTree = BUILT_PRODUCTS_DIR; };
		CE3CD6E02B8EC49200566A3C /* CartCollabApp.swift */ = {isa = PBXFileReference; lastKnownFileType = sourcecode.swift; path = CartCollabApp.swift; sourceTree = "<group>"; };
		CE3CD6E22B8EC49200566A3C /* ContentView.swift */ = {isa = PBXFileReference; lastKnownFileType = sourcecode.swift; path = ContentView.swift; sourceTree = "<group>"; };
		CE3CD6E42B8EC49300566A3C /* Assets.xcassets */ = {isa = PBXFileReference; lastKnownFileType = folder.assetcatalog; path = Assets.xcassets; sourceTree = "<group>"; };
		CE3CD6E72B8EC49300566A3C /* Preview Assets.xcassets */ = {isa = PBXFileReference; lastKnownFileType = folder.assetcatalog; path = "Preview Assets.xcassets"; sourceTree = "<group>"; };
		CE3CD6ED2B8EC49300566A3C /* CartCollabTests.xctest */ = {isa = PBXFileReference; explicitFileType = wrapper.cfbundle; includeInIndex = 0; path = CartCollabTests.xctest; sourceTree = BUILT_PRODUCTS_DIR; };
		CE3CD6F12B8EC49300566A3C /* CartCollabTests.swift */ = {isa = PBXFileReference; lastKnownFileType = sourcecode.swift; path = CartCollabTests.swift; sourceTree = "<group>"; };
		CE3CD6F72B8EC49300566A3C /* CartCollabUITests.xctest */ = {isa = PBXFileReference; explicitFileType = wrapper.cfbundle; includeInIndex = 0; path = CartCollabUITests.xctest; sourceTree = BUILT_PRODUCTS_DIR; };
		CE3CD6FB2B8EC49300566A3C /* CartCollabUITests.swift */ = {isa = PBXFileReference; lastKnownFileType = sourcecode.swift; path = CartCollabUITests.swift; sourceTree = "<group>"; };
		CE3CD6FD2B8EC49300566A3C /* CartCollabUITestsLaunchTests.swift */ = {isa = PBXFileReference; lastKnownFileType = sourcecode.swift; path = CartCollabUITestsLaunchTests.swift; sourceTree = "<group>"; };
		CEAC07E22B92790200C3AA10 /* CartListView.swift */ = {isa = PBXFileReference; lastKnownFileType = sourcecode.swift; path = CartListView.swift; sourceTree = "<group>"; };
		CEAC07E42B92792500C3AA10 /* SignInView.swift */ = {isa = PBXFileReference; lastKnownFileType = sourcecode.swift; path = SignInView.swift; sourceTree = "<group>"; };
		CEAC07E62B92793700C3AA10 /* ManageCartView.swift */ = {isa = PBXFileReference; lastKnownFileType = sourcecode.swift; path = ManageCartView.swift; sourceTree = "<group>"; };
		CEAC07E82B927A2900C3AA10 /* BottomBar.swift */ = {isa = PBXFileReference; lastKnownFileType = sourcecode.swift; path = BottomBar.swift; sourceTree = "<group>"; };
/* End PBXFileReference section */

/* Begin PBXFrameworksBuildPhase section */
		CE3CD6DA2B8EC49200566A3C /* Frameworks */ = {
			isa = PBXFrameworksBuildPhase;
			buildActionMask = 2147483647;
			files = (
			);
			runOnlyForDeploymentPostprocessing = 0;
		};
		CE3CD6EA2B8EC49300566A3C /* Frameworks */ = {
			isa = PBXFrameworksBuildPhase;
			buildActionMask = 2147483647;
			files = (
			);
			runOnlyForDeploymentPostprocessing = 0;
		};
		CE3CD6F42B8EC49300566A3C /* Frameworks */ = {
			isa = PBXFrameworksBuildPhase;
			buildActionMask = 2147483647;
			files = (
			);
			runOnlyForDeploymentPostprocessing = 0;
		};
/* End PBXFrameworksBuildPhase section */

/* Begin PBXGroup section */
		CE3CD6D42B8EC49200566A3C = {
			isa = PBXGroup;
			children = (
				CE3CD6DF2B8EC49200566A3C /* CartCollab */,
				CE3CD6F02B8EC49300566A3C /* CartCollabTests */,
				CE3CD6FA2B8EC49300566A3C /* CartCollabUITests */,
				CE3CD6DE2B8EC49200566A3C /* Products */,
			);
			sourceTree = "<group>";
		};
		CE3CD6DE2B8EC49200566A3C /* Products */ = {
			isa = PBXGroup;
			children = (
				CE3CD6DD2B8EC49200566A3C /* CartCollab.app */,
				CE3CD6ED2B8EC49300566A3C /* CartCollabTests.xctest */,
				CE3CD6F72B8EC49300566A3C /* CartCollabUITests.xctest */,
			);
			name = Products;
			sourceTree = "<group>";
		};
		CE3CD6DF2B8EC49200566A3C /* CartCollab */ = {
			isa = PBXGroup;
			children = (
				CEAC07DE2B9278C300C3AA10 /* ManageCart */,
				CEAC07DA2B92782300C3AA10 /* Cart */,
				CE3CD70A2B8EC55D00566A3C /* Account */,
				CE3CD70B2B8EC56300566A3C /* UI */,
				CE3CD6E02B8EC49200566A3C /* CartCollabApp.swift */,
				CE3CD6E22B8EC49200566A3C /* ContentView.swift */,
				CE3CD6E42B8EC49300566A3C /* Assets.xcassets */,
				CE3CD6E62B8EC49300566A3C /* Preview Content */,
			);
			path = CartCollab;
			sourceTree = "<group>";
		};
		CE3CD6E62B8EC49300566A3C /* Preview Content */ = {
			isa = PBXGroup;
			children = (
				CE3CD6E72B8EC49300566A3C /* Preview Assets.xcassets */,
			);
			path = "Preview Content";
			sourceTree = "<group>";
		};
		CE3CD6F02B8EC49300566A3C /* CartCollabTests */ = {
			isa = PBXGroup;
			children = (
				CE3CD6F12B8EC49300566A3C /* CartCollabTests.swift */,
			);
			path = CartCollabTests;
			sourceTree = "<group>";
		};
		CE3CD6FA2B8EC49300566A3C /* CartCollabUITests */ = {
			isa = PBXGroup;
			children = (
				CE3CD6FB2B8EC49300566A3C /* CartCollabUITests.swift */,
				CE3CD6FD2B8EC49300566A3C /* CartCollabUITestsLaunchTests.swift */,
			);
			path = CartCollabUITests;
			sourceTree = "<group>";
		};
		CE3CD70A2B8EC55D00566A3C /* Account */ = {
			isa = PBXGroup;
			children = (
				CE3CD70C2B8EC57700566A3C /* Models */,
				CE3CD70D2B8EC57C00566A3C /* Views */,
				CE3CD70E2B8EC58600566A3C /* Containers */,
			);
			path = Account;
			sourceTree = "<group>";
		};
		CE3CD70B2B8EC56300566A3C /* UI */ = {
			isa = PBXGroup;
			children = (
				CEAC07E82B927A2900C3AA10 /* BottomBar.swift */,
			);
			path = UI;
			sourceTree = "<group>";
		};
		CE3CD70C2B8EC57700566A3C /* Models */ = {
			isa = PBXGroup;
			children = (
			);
			path = Models;
			sourceTree = "<group>";
		};
		CE3CD70D2B8EC57C00566A3C /* Views */ = {
			isa = PBXGroup;
			children = (
				CEAC07E42B92792500C3AA10 /* SignInView.swift */,
			);
			path = Views;
			sourceTree = "<group>";
		};
		CE3CD70E2B8EC58600566A3C /* Containers */ = {
			isa = PBXGroup;
			children = (
			);
			path = Containers;
			sourceTree = "<group>";
		};
		CEAC07DA2B92782300C3AA10 /* Cart */ = {
			isa = PBXGroup;
			children = (
				CEAC07DB2B92783200C3AA10 /* Models */,
				CEAC07DC2B92787100C3AA10 /* Views */,
				CEAC07DD2B92787D00C3AA10 /* Controllers */,
			);
			path = Cart;
			sourceTree = "<group>";
		};
		CEAC07DB2B92783200C3AA10 /* Models */ = {
			isa = PBXGroup;
			children = (
			);
			path = Models;
			sourceTree = "<group>";
		};
		CEAC07DC2B92787100C3AA10 /* Views */ = {
			isa = PBXGroup;
			children = (
				CEAC07E22B92790200C3AA10 /* CartListView.swift */,
			);
			path = Views;
			sourceTree = "<group>";
		};
		CEAC07DD2B92787D00C3AA10 /* Controllers */ = {
			isa = PBXGroup;
			children = (
			);
			path = Controllers;
			sourceTree = "<group>";
		};
		CEAC07DE2B9278C300C3AA10 /* ManageCart */ = {
			isa = PBXGroup;
			children = (
				CEAC07E12B9278E100C3AA10 /* Models */,
				CEAC07E02B9278CF00C3AA10 /* Views */,
				CEAC07DF2B9278C900C3AA10 /* Controllers */,
			);
			path = ManageCart;
			sourceTree = "<group>";
		};
		CEAC07DF2B9278C900C3AA10 /* Controllers */ = {
			isa = PBXGroup;
			children = (
			);
			path = Controllers;
			sourceTree = "<group>";
		};
		CEAC07E02B9278CF00C3AA10 /* Views */ = {
			isa = PBXGroup;
			children = (
				CEAC07E62B92793700C3AA10 /* ManageCartView.swift */,
			);
			path = Views;
			sourceTree = "<group>";
		};
		CEAC07E12B9278E100C3AA10 /* Models */ = {
			isa = PBXGroup;
			children = (
			);
			path = Models;
			sourceTree = "<group>";
		};
/* End PBXGroup section */

/* Begin PBXNativeTarget section */
		CE3CD6DC2B8EC49200566A3C /* CartCollab */ = {
			isa = PBXNativeTarget;
			buildConfigurationList = CE3CD7012B8EC49300566A3C /* Build configuration list for PBXNativeTarget "CartCollab" */;
			buildPhases = (
				CE3CD6D92B8EC49200566A3C /* Sources */,
				CE3CD6DA2B8EC49200566A3C /* Frameworks */,
				CE3CD6DB2B8EC49200566A3C /* Resources */,
			);
			buildRules = (
			);
			dependencies = (
			);
			name = CartCollab;
			productName = CartCollab;
			productReference = CE3CD6DD2B8EC49200566A3C /* CartCollab.app */;
			productType = "com.apple.product-type.application";
		};
		CE3CD6EC2B8EC49300566A3C /* CartCollabTests */ = {
			isa = PBXNativeTarget;
			buildConfigurationList = CE3CD7042B8EC49300566A3C /* Build configuration list for PBXNativeTarget "CartCollabTests" */;
			buildPhases = (
				CE3CD6E92B8EC49300566A3C /* Sources */,
				CE3CD6EA2B8EC49300566A3C /* Frameworks */,
				CE3CD6EB2B8EC49300566A3C /* Resources */,
			);
			buildRules = (
			);
			dependencies = (
				CE3CD6EF2B8EC49300566A3C /* PBXTargetDependency */,
			);
			name = CartCollabTests;
			productName = CartCollabTests;
			productReference = CE3CD6ED2B8EC49300566A3C /* CartCollabTests.xctest */;
			productType = "com.apple.product-type.bundle.unit-test";
		};
		CE3CD6F62B8EC49300566A3C /* CartCollabUITests */ = {
			isa = PBXNativeTarget;
			buildConfigurationList = CE3CD7072B8EC49300566A3C /* Build configuration list for PBXNativeTarget "CartCollabUITests" */;
			buildPhases = (
				CE3CD6F32B8EC49300566A3C /* Sources */,
				CE3CD6F42B8EC49300566A3C /* Frameworks */,
				CE3CD6F52B8EC49300566A3C /* Resources */,
			);
			buildRules = (
			);
			dependencies = (
				CE3CD6F92B8EC49300566A3C /* PBXTargetDependency */,
			);
			name = CartCollabUITests;
			productName = CartCollabUITests;
			productReference = CE3CD6F72B8EC49300566A3C /* CartCollabUITests.xctest */;
			productType = "com.apple.product-type.bundle.ui-testing";
		};
/* End PBXNativeTarget section */

/* Begin PBXProject section */
		CE3CD6D52B8EC49200566A3C /* Project object */ = {
			isa = PBXProject;
			attributes = {
				BuildIndependentTargetsInParallel = 1;
				LastSwiftUpdateCheck = 1510;
				LastUpgradeCheck = 1510;
				TargetAttributes = {
					CE3CD6DC2B8EC49200566A3C = {
						CreatedOnToolsVersion = 15.1;
					};
					CE3CD6EC2B8EC49300566A3C = {
						CreatedOnToolsVersion = 15.1;
						TestTargetID = CE3CD6DC2B8EC49200566A3C;
					};
					CE3CD6F62B8EC49300566A3C = {
						CreatedOnToolsVersion = 15.1;
						TestTargetID = CE3CD6DC2B8EC49200566A3C;
					};
				};
			};
			buildConfigurationList = CE3CD6D82B8EC49200566A3C /* Build configuration list for PBXProject "CartCollab" */;
			compatibilityVersion = "Xcode 14.0";
			developmentRegion = en;
			hasScannedForEncodings = 0;
			knownRegions = (
				en,
				Base,
			);
			mainGroup = CE3CD6D42B8EC49200566A3C;
			productRefGroup = CE3CD6DE2B8EC49200566A3C /* Products */;
			projectDirPath = "";
			projectRoot = "";
			targets = (
				CE3CD6DC2B8EC49200566A3C /* CartCollab */,
				CE3CD6EC2B8EC49300566A3C /* CartCollabTests */,
				CE3CD6F62B8EC49300566A3C /* CartCollabUITests */,
			);
		};
/* End PBXProject section */

/* Begin PBXResourcesBuildPhase section */
		CE3CD6DB2B8EC49200566A3C /* Resources */ = {
			isa = PBXResourcesBuildPhase;
			buildActionMask = 2147483647;
			files = (
				CE3CD6E82B8EC49300566A3C /* Preview Assets.xcassets in Resources */,
				CE3CD6E52B8EC49300566A3C /* Assets.xcassets in Resources */,
			);
			runOnlyForDeploymentPostprocessing = 0;
		};
		CE3CD6EB2B8EC49300566A3C /* Resources */ = {
			isa = PBXResourcesBuildPhase;
			buildActionMask = 2147483647;
			files = (
			);
			runOnlyForDeploymentPostprocessing = 0;
		};
		CE3CD6F52B8EC49300566A3C /* Resources */ = {
			isa = PBXResourcesBuildPhase;
			buildActionMask = 2147483647;
			files = (
			);
			runOnlyForDeploymentPostprocessing = 0;
		};
/* End PBXResourcesBuildPhase section */

/* Begin PBXSourcesBuildPhase section */
		CE3CD6D92B8EC49200566A3C /* Sources */ = {
			isa = PBXSourcesBuildPhase;
			buildActionMask = 2147483647;
			files = (
				CEAC07E72B92793700C3AA10 /* ManageCartView.swift in Sources */,
				CE3CD6E32B8EC49200566A3C /* ContentView.swift in Sources */,
				CEAC07E92B927A2900C3AA10 /* BottomBar.swift in Sources */,
				CE3CD6E12B8EC49200566A3C /* CartCollabApp.swift in Sources */,
				CEAC07E52B92792500C3AA10 /* SignInView.swift in Sources */,
				CEAC07E32B92790200C3AA10 /* CartListView.swift in Sources */,
			);
			runOnlyForDeploymentPostprocessing = 0;
		};
		CE3CD6E92B8EC49300566A3C /* Sources */ = {
			isa = PBXSourcesBuildPhase;
			buildActionMask = 2147483647;
			files = (
				CE3CD6F22B8EC49300566A3C /* CartCollabTests.swift in Sources */,
			);
			runOnlyForDeploymentPostprocessing = 0;
		};
		CE3CD6F32B8EC49300566A3C /* Sources */ = {
			isa = PBXSourcesBuildPhase;
			buildActionMask = 2147483647;
			files = (
				CE3CD6FC2B8EC49300566A3C /* CartCollabUITests.swift in Sources */,
				CE3CD6FE2B8EC49300566A3C /* CartCollabUITestsLaunchTests.swift in Sources */,
			);
			runOnlyForDeploymentPostprocessing = 0;
		};
/* End PBXSourcesBuildPhase section */

/* Begin PBXTargetDependency section */
		CE3CD6EF2B8EC49300566A3C /* PBXTargetDependency */ = {
			isa = PBXTargetDependency;
			target = CE3CD6DC2B8EC49200566A3C /* CartCollab */;
			targetProxy = CE3CD6EE2B8EC49300566A3C /* PBXContainerItemProxy */;
		};
		CE3CD6F92B8EC49300566A3C /* PBXTargetDependency */ = {
			isa = PBXTargetDependency;
			target = CE3CD6DC2B8EC49200566A3C /* CartCollab */;
			targetProxy = CE3CD6F82B8EC49300566A3C /* PBXContainerItemProxy */;
		};
/* End PBXTargetDependency section */

/* Begin XCBuildConfiguration section */
		CE3CD6FF2B8EC49300566A3C /* Debug */ = {
			isa = XCBuildConfiguration;
			buildSettings = {
				ALWAYS_SEARCH_USER_PATHS = NO;
				ASSETCATALOG_COMPILER_GENERATE_SWIFT_ASSET_SYMBOL_EXTENSIONS = YES;
				CLANG_ANALYZER_NONNULL = YES;
				CLANG_ANALYZER_NUMBER_OBJECT_CONVERSION = YES_AGGRESSIVE;
				CLANG_CXX_LANGUAGE_STANDARD = "gnu++20";
				CLANG_ENABLE_MODULES = YES;
				CLANG_ENABLE_OBJC_ARC = YES;
				CLANG_ENABLE_OBJC_WEAK = YES;
				CLANG_WARN_BLOCK_CAPTURE_AUTORELEASING = YES;
				CLANG_WARN_BOOL_CONVERSION = YES;
				CLANG_WARN_COMMA = YES;
				CLANG_WARN_CONSTANT_CONVERSION = YES;
				CLANG_WARN_DEPRECATED_OBJC_IMPLEMENTATIONS = YES;
				CLANG_WARN_DIRECT_OBJC_ISA_USAGE = YES_ERROR;
				CLANG_WARN_DOCUMENTATION_COMMENTS = YES;
				CLANG_WARN_EMPTY_BODY = YES;
				CLANG_WARN_ENUM_CONVERSION = YES;
				CLANG_WARN_INFINITE_RECURSION = YES;
				CLANG_WARN_INT_CONVERSION = YES;
				CLANG_WARN_NON_LITERAL_NULL_CONVERSION = YES;
				CLANG_WARN_OBJC_IMPLICIT_RETAIN_SELF = YES;
				CLANG_WARN_OBJC_LITERAL_CONVERSION = YES;
				CLANG_WARN_OBJC_ROOT_CLASS = YES_ERROR;
				CLANG_WARN_QUOTED_INCLUDE_IN_FRAMEWORK_HEADER = YES;
				CLANG_WARN_RANGE_LOOP_ANALYSIS = YES;
				CLANG_WARN_STRICT_PROTOTYPES = YES;
				CLANG_WARN_SUSPICIOUS_MOVE = YES;
				CLANG_WARN_UNGUARDED_AVAILABILITY = YES_AGGRESSIVE;
				CLANG_WARN_UNREACHABLE_CODE = YES;
				CLANG_WARN__DUPLICATE_METHOD_MATCH = YES;
				COPY_PHASE_STRIP = NO;
				DEBUG_INFORMATION_FORMAT = dwarf;
				ENABLE_STRICT_OBJC_MSGSEND = YES;
				ENABLE_TESTABILITY = YES;
				ENABLE_USER_SCRIPT_SANDBOXING = YES;
				GCC_C_LANGUAGE_STANDARD = gnu17;
				GCC_DYNAMIC_NO_PIC = NO;
				GCC_NO_COMMON_BLOCKS = YES;
				GCC_OPTIMIZATION_LEVEL = 0;
				GCC_PREPROCESSOR_DEFINITIONS = (
					"DEBUG=1",
					"$(inherited)",
				);
				GCC_WARN_64_TO_32_BIT_CONVERSION = YES;
				GCC_WARN_ABOUT_RETURN_TYPE = YES_ERROR;
				GCC_WARN_UNDECLARED_SELECTOR = YES;
				GCC_WARN_UNINITIALIZED_AUTOS = YES_AGGRESSIVE;
				GCC_WARN_UNUSED_FUNCTION = YES;
				GCC_WARN_UNUSED_VARIABLE = YES;
				IPHONEOS_DEPLOYMENT_TARGET = 17.2;
				LOCALIZATION_PREFERS_STRING_CATALOGS = YES;
				MTL_ENABLE_DEBUG_INFO = INCLUDE_SOURCE;
				MTL_FAST_MATH = YES;
				ONLY_ACTIVE_ARCH = YES;
				SDKROOT = iphoneos;
				SWIFT_ACTIVE_COMPILATION_CONDITIONS = "DEBUG $(inherited)";
				SWIFT_OPTIMIZATION_LEVEL = "-Onone";
			};
			name = Debug;
		};
		CE3CD7002B8EC49300566A3C /* Release */ = {
			isa = XCBuildConfiguration;
			buildSettings = {
				ALWAYS_SEARCH_USER_PATHS = NO;
				ASSETCATALOG_COMPILER_GENERATE_SWIFT_ASSET_SYMBOL_EXTENSIONS = YES;
				CLANG_ANALYZER_NONNULL = YES;
				CLANG_ANALYZER_NUMBER_OBJECT_CONVERSION = YES_AGGRESSIVE;
				CLANG_CXX_LANGUAGE_STANDARD = "gnu++20";
				CLANG_ENABLE_MODULES = YES;
				CLANG_ENABLE_OBJC_ARC = YES;
				CLANG_ENABLE_OBJC_WEAK = YES;
				CLANG_WARN_BLOCK_CAPTURE_AUTORELEASING = YES;
				CLANG_WARN_BOOL_CONVERSION = YES;
				CLANG_WARN_COMMA = YES;
				CLANG_WARN_CONSTANT_CONVERSION = YES;
				CLANG_WARN_DEPRECATED_OBJC_IMPLEMENTATIONS = YES;
				CLANG_WARN_DIRECT_OBJC_ISA_USAGE = YES_ERROR;
				CLANG_WARN_DOCUMENTATION_COMMENTS = YES;
				CLANG_WARN_EMPTY_BODY = YES;
				CLANG_WARN_ENUM_CONVERSION = YES;
				CLANG_WARN_INFINITE_RECURSION = YES;
				CLANG_WARN_INT_CONVERSION = YES;
				CLANG_WARN_NON_LITERAL_NULL_CONVERSION = YES;
				CLANG_WARN_OBJC_IMPLICIT_RETAIN_SELF = YES;
				CLANG_WARN_OBJC_LITERAL_CONVERSION = YES;
				CLANG_WARN_OBJC_ROOT_CLASS = YES_ERROR;
				CLANG_WARN_QUOTED_INCLUDE_IN_FRAMEWORK_HEADER = YES;
				CLANG_WARN_RANGE_LOOP_ANALYSIS = YES;
				CLANG_WARN_STRICT_PROTOTYPES = YES;
				CLANG_WARN_SUSPICIOUS_MOVE = YES;
				CLANG_WARN_UNGUARDED_AVAILABILITY = YES_AGGRESSIVE;
				CLANG_WARN_UNREACHABLE_CODE = YES;
				CLANG_WARN__DUPLICATE_METHOD_MATCH = YES;
				COPY_PHASE_STRIP = NO;
				DEBUG_INFORMATION_FORMAT = "dwarf-with-dsym";
				ENABLE_NS_ASSERTIONS = NO;
				ENABLE_STRICT_OBJC_MSGSEND = YES;
				ENABLE_USER_SCRIPT_SANDBOXING = YES;
				GCC_C_LANGUAGE_STANDARD = gnu17;
				GCC_NO_COMMON_BLOCKS = YES;
				GCC_WARN_64_TO_32_BIT_CONVERSION = YES;
				GCC_WARN_ABOUT_RETURN_TYPE = YES_ERROR;
				GCC_WARN_UNDECLARED_SELECTOR = YES;
				GCC_WARN_UNINITIALIZED_AUTOS = YES_AGGRESSIVE;
				GCC_WARN_UNUSED_FUNCTION = YES;
				GCC_WARN_UNUSED_VARIABLE = YES;
				IPHONEOS_DEPLOYMENT_TARGET = 17.2;
				LOCALIZATION_PREFERS_STRING_CATALOGS = YES;
				MTL_ENABLE_DEBUG_INFO = NO;
				MTL_FAST_MATH = YES;
				SDKROOT = iphoneos;
				SWIFT_COMPILATION_MODE = wholemodule;
				VALIDATE_PRODUCT = YES;
			};
			name = Release;
		};
		CE3CD7022B8EC49300566A3C /* Debug */ = {
			isa = XCBuildConfiguration;
			buildSettings = {
				ASSETCATALOG_COMPILER_APPICON_NAME = AppIcon;
				ASSETCATALOG_COMPILER_GLOBAL_ACCENT_COLOR_NAME = AccentColor;
				CODE_SIGN_STYLE = Automatic;
				CURRENT_PROJECT_VERSION = 1;
				DEVELOPMENT_ASSET_PATHS = "\"CartCollab/Preview Content\"";
				DEVELOPMENT_TEAM = SMY7D8ZN8T;
				ENABLE_PREVIEWS = YES;
				GENERATE_INFOPLIST_FILE = YES;
				INFOPLIST_KEY_UIApplicationSceneManifest_Generation = YES;
				INFOPLIST_KEY_UIApplicationSupportsIndirectInputEvents = YES;
				INFOPLIST_KEY_UILaunchScreen_Generation = YES;
				INFOPLIST_KEY_UISupportedInterfaceOrientations_iPad = "UIInterfaceOrientationPortrait UIInterfaceOrientationPortraitUpsideDown UIInterfaceOrientationLandscapeLeft UIInterfaceOrientationLandscapeRight";
				INFOPLIST_KEY_UISupportedInterfaceOrientations_iPhone = "UIInterfaceOrientationPortrait UIInterfaceOrientationLandscapeLeft UIInterfaceOrientationLandscapeRight";
				LD_RUNPATH_SEARCH_PATHS = (
					"$(inherited)",
					"@executable_path/Frameworks",
				);
				MARKETING_VERSION = 1.0;
				PRODUCT_BUNDLE_IDENTIFIER = com.practice.CartCollab;
				PRODUCT_NAME = "$(TARGET_NAME)";
				SWIFT_EMIT_LOC_STRINGS = YES;
				SWIFT_VERSION = 5.0;
				TARGETED_DEVICE_FAMILY = "1,2";
			};
			name = Debug;
		};
		CE3CD7032B8EC49300566A3C /* Release */ = {
			isa = XCBuildConfiguration;
			buildSettings = {
				ASSETCATALOG_COMPILER_APPICON_NAME = AppIcon;
				ASSETCATALOG_COMPILER_GLOBAL_ACCENT_COLOR_NAME = AccentColor;
				CODE_SIGN_STYLE = Automatic;
				CURRENT_PROJECT_VERSION = 1;
				DEVELOPMENT_ASSET_PATHS = "\"CartCollab/Preview Content\"";
				DEVELOPMENT_TEAM = SMY7D8ZN8T;
				ENABLE_PREVIEWS = YES;
				GENERATE_INFOPLIST_FILE = YES;
				INFOPLIST_KEY_UIApplicationSceneManifest_Generation = YES;
				INFOPLIST_KEY_UIApplicationSupportsIndirectInputEvents = YES;
				INFOPLIST_KEY_UILaunchScreen_Generation = YES;
				INFOPLIST_KEY_UISupportedInterfaceOrientations_iPad = "UIInterfaceOrientationPortrait UIInterfaceOrientationPortraitUpsideDown UIInterfaceOrientationLandscapeLeft UIInterfaceOrientationLandscapeRight";
				INFOPLIST_KEY_UISupportedInterfaceOrientations_iPhone = "UIInterfaceOrientationPortrait UIInterfaceOrientationLandscapeLeft UIInterfaceOrientationLandscapeRight";
				LD_RUNPATH_SEARCH_PATHS = (
					"$(inherited)",
					"@executable_path/Frameworks",
				);
				MARKETING_VERSION = 1.0;
				PRODUCT_BUNDLE_IDENTIFIER = com.practice.CartCollab;
				PRODUCT_NAME = "$(TARGET_NAME)";
				SWIFT_EMIT_LOC_STRINGS = YES;
				SWIFT_VERSION = 5.0;
				TARGETED_DEVICE_FAMILY = "1,2";
			};
			name = Release;
		};
		CE3CD7052B8EC49300566A3C /* Debug */ = {
			isa = XCBuildConfiguration;
			buildSettings = {
				ALWAYS_EMBED_SWIFT_STANDARD_LIBRARIES = YES;
				BUNDLE_LOADER = "$(TEST_HOST)";
				CODE_SIGN_STYLE = Automatic;
				CURRENT_PROJECT_VERSION = 1;
				DEVELOPMENT_TEAM = SMY7D8ZN8T;
				GENERATE_INFOPLIST_FILE = YES;
				IPHONEOS_DEPLOYMENT_TARGET = 17.2;
				MARKETING_VERSION = 1.0;
				PRODUCT_BUNDLE_IDENTIFIER = com.practice.CartCollabTests;
				PRODUCT_NAME = "$(TARGET_NAME)";
				SWIFT_EMIT_LOC_STRINGS = NO;
				SWIFT_VERSION = 5.0;
				TARGETED_DEVICE_FAMILY = "1,2";
				TEST_HOST = "$(BUILT_PRODUCTS_DIR)/CartCollab.app/$(BUNDLE_EXECUTABLE_FOLDER_PATH)/CartCollab";
			};
			name = Debug;
		};
		CE3CD7062B8EC49300566A3C /* Release */ = {
			isa = XCBuildConfiguration;
			buildSettings = {
				ALWAYS_EMBED_SWIFT_STANDARD_LIBRARIES = YES;
				BUNDLE_LOADER = "$(TEST_HOST)";
				CODE_SIGN_STYLE = Automatic;
				CURRENT_PROJECT_VERSION = 1;
				DEVELOPMENT_TEAM = SMY7D8ZN8T;
				GENERATE_INFOPLIST_FILE = YES;
				IPHONEOS_DEPLOYMENT_TARGET = 17.2;
				MARKETING_VERSION = 1.0;
				PRODUCT_BUNDLE_IDENTIFIER = com.practice.CartCollabTests;
				PRODUCT_NAME = "$(TARGET_NAME)";
				SWIFT_EMIT_LOC_STRINGS = NO;
				SWIFT_VERSION = 5.0;
				TARGETED_DEVICE_FAMILY = "1,2";
				TEST_HOST = "$(BUILT_PRODUCTS_DIR)/CartCollab.app/$(BUNDLE_EXECUTABLE_FOLDER_PATH)/CartCollab";
			};
			name = Release;
		};
		CE3CD7082B8EC49300566A3C /* Debug */ = {
			isa = XCBuildConfiguration;
			buildSettings = {
				ALWAYS_EMBED_SWIFT_STANDARD_LIBRARIES = YES;
				CODE_SIGN_STYLE = Automatic;
				CURRENT_PROJECT_VERSION = 1;
				DEVELOPMENT_TEAM = SMY7D8ZN8T;
				GENERATE_INFOPLIST_FILE = YES;
				MARKETING_VERSION = 1.0;
				PRODUCT_BUNDLE_IDENTIFIER = com.practice.CartCollabUITests;
				PRODUCT_NAME = "$(TARGET_NAME)";
				SWIFT_EMIT_LOC_STRINGS = NO;
				SWIFT_VERSION = 5.0;
				TARGETED_DEVICE_FAMILY = "1,2";
				TEST_TARGET_NAME = CartCollab;
			};
			name = Debug;
		};
		CE3CD7092B8EC49300566A3C /* Release */ = {
			isa = XCBuildConfiguration;
			buildSettings = {
				ALWAYS_EMBED_SWIFT_STANDARD_LIBRARIES = YES;
				CODE_SIGN_STYLE = Automatic;
				CURRENT_PROJECT_VERSION = 1;
				DEVELOPMENT_TEAM = SMY7D8ZN8T;
				GENERATE_INFOPLIST_FILE = YES;
				MARKETING_VERSION = 1.0;
				PRODUCT_BUNDLE_IDENTIFIER = com.practice.CartCollabUITests;
				PRODUCT_NAME = "$(TARGET_NAME)";
				SWIFT_EMIT_LOC_STRINGS = NO;
				SWIFT_VERSION = 5.0;
				TARGETED_DEVICE_FAMILY = "1,2";
				TEST_TARGET_NAME = CartCollab;
			};
			name = Release;
		};
/* End XCBuildConfiguration section */

/* Begin XCConfigurationList section */
		CE3CD6D82B8EC49200566A3C /* Build configuration list for PBXProject "CartCollab" */ = {
			isa = XCConfigurationList;
			buildConfigurations = (
				CE3CD6FF2B8EC49300566A3C /* Debug */,
				CE3CD7002B8EC49300566A3C /* Release */,
			);
			defaultConfigurationIsVisible = 0;
			defaultConfigurationName = Release;
		};
		CE3CD7012B8EC49300566A3C /* Build configuration list for PBXNativeTarget "CartCollab" */ = {
			isa = XCConfigurationList;
			buildConfigurations = (
				CE3CD7022B8EC49300566A3C /* Debug */,
				CE3CD7032B8EC49300566A3C /* Release */,
			);
			defaultConfigurationIsVisible = 0;
			defaultConfigurationName = Release;
		};
		CE3CD7042B8EC49300566A3C /* Build configuration list for PBXNativeTarget "CartCollabTests" */ = {
			isa = XCConfigurationList;
			buildConfigurations = (
				CE3CD7052B8EC49300566A3C /* Debug */,
				CE3CD7062B8EC49300566A3C /* Release */,
			);
			defaultConfigurationIsVisible = 0;
			defaultConfigurationName = Release;
		};
		CE3CD7072B8EC49300566A3C /* Build configuration list for PBXNativeTarget "CartCollabUITests" */ = {
			isa = XCConfigurationList;
			buildConfigurations = (
				CE3CD7082B8EC49300566A3C /* Debug */,
				CE3CD7092B8EC49300566A3C /* Release */,
			);
			defaultConfigurationIsVisible = 0;
			defaultConfigurationName = Release;
		};
/* End XCConfigurationList section */
	};
	rootObject = CE3CD6D52B8EC49200566A3C /* Project object */;
}
